
Microsoft Visual Studio Solution File, Format Version 12.00
# Visual Studio Version 17
VisualStudioVersion = 17.4.33213.308
MinimumVisualStudioVersion = 10.0.40219.1
Project("{FAE04EC0-301F-11D3-BF4B-00C04F79EFBC}") = "ChattingApplication", "ChattingApplication.csproj", "{DEEF9DF2-9D6E-46F3-BAAE-EF07B7DEC581}"
EndProject
Global
	GlobalSection(SolutionConfigurationPlatforms) = preSolution
		Debug|Any CPU = Debug|Any CPU
		Release|Any CPU = Release|Any CPU
	EndGlobalSection
	GlobalSection(ProjectConfigurationPlatforms) = postSolution
		{DEEF9DF2-9D6E-46F3-BAAE-EF07B7DEC581}.Debug|Any CPU.ActiveCfg = Debug|Any CPU
		{DEEF9DF2-9D6E-46F3-BAAE-EF07B7DEC581}.Debug|Any CPU.Build.0 = Debug|Any CPU
		{DEEF9DF2-9D6E-46F3-BAAE-EF07B7DEC581}.Release|Any CPU.ActiveCfg = Release|Any CPU
		{DEEF9DF2-9D6E-46F3-BAAE-EF07B7DEC581}.Release|Any CPU.Build.0 = Release|Any CPU
	EndGlobalSection
	GlobalSection(SolutionProperties) = preSolution
		HideSolutionNode = FALSE
	EndGlobalSection
	GlobalSection(ExtensibilityGlobals) = postSolution
		SolutionGuid = {6992C298-D642-4132-9924-876F2A8D9B89}
	EndGlobalSection
EndGlobal
